
Microsoft Visual Studio Solution File, Format Version 12.00
# Visual Studio Version 16
VisualStudioVersion = 16.0.30104.148
MinimumVisualStudioVersion = 10.0.40219.1
Project("{FAE04EC0-301F-11D3-BF4B-00C04F79EFBC}") = "Ex_SystemOrder", "Ex_SystemOrder\Ex_SystemOrder.csproj", "{111BD8B9-1DAB-4863-A115-B5E200A21DC8}"
EndProject
Global
	GlobalSection(SolutionConfigurationPlatforms) = preSolution
		Debug|Any CPU = Debug|Any CPU
		Release|Any CPU = Release|Any CPU
	EndGlobalSection
	GlobalSection(ProjectConfigurationPlatforms) = postSolution
		{111BD8B9-1DAB-4863-A115-B5E200A21DC8}.Debug|Any CPU.ActiveCfg = Debug|Any CPU
		{111BD8B9-1DAB-4863-A115-B5E200A21DC8}.Debug|Any CPU.Build.0 = Debug|Any CPU
		{111BD8B9-1DAB-4863-A115-B5E200A21DC8}.Release|Any CPU.ActiveCfg = Release|Any CPU
		{111BD8B9-1DAB-4863-A115-B5E200A21DC8}.Release|Any CPU.Build.0 = Release|Any CPU
	EndGlobalSection
	GlobalSection(SolutionProperties) = preSolution
		HideSolutionNode = FALSE
	EndGlobalSection
	GlobalSection(ExtensibilityGlobals) = postSolution
		SolutionGuid = {4EA43E55-DAE9-470A-8194-CA9E4BCC90AF}
	EndGlobalSection
EndGlobal
